
Microsoft Visual Studio Solution File, Format Version 12.00
# Visual Studio Version 17
VisualStudioVersion = 17.7.34024.191
MinimumVisualStudioVersion = 10.0.40219.1
Project("{FAE04EC0-301F-11D3-BF4B-00C04F79EFBC}") = "VarausJarjestelma", "VarausJarjestelma.csproj", "{ACF7B075-756B-46C2-A3B7-38B5EF7B69EF}"
EndProject
Global
	GlobalSection(SolutionConfigurationPlatforms) = preSolution
		Debug|Any CPU = Debug|Any CPU
		Release|Any CPU = Release|Any CPU
	EndGlobalSection
	GlobalSection(ProjectConfigurationPlatforms) = postSolution
		{ACF7B075-756B-46C2-A3B7-38B5EF7B69EF}.Debug|Any CPU.ActiveCfg = Debug|Any CPU
		{ACF7B075-756B-46C2-A3B7-38B5EF7B69EF}.Debug|Any CPU.Build.0 = Debug|Any CPU
		{ACF7B075-756B-46C2-A3B7-38B5EF7B69EF}.Release|Any CPU.ActiveCfg = Release|Any CPU
		{ACF7B075-756B-46C2-A3B7-38B5EF7B69EF}.Release|Any CPU.Build.0 = Release|Any CPU
	EndGlobalSection
	GlobalSection(SolutionProperties) = preSolution
		HideSolutionNode = FALSE
	EndGlobalSection
	GlobalSection(ExtensibilityGlobals) = postSolution
		SolutionGuid = {EBB00412-BA74-48B0-9100-099528962054}
	EndGlobalSection
EndGlobal
